
Microsoft Visual Studio Solution File, Format Version 10.00
# Visual Studio 2008
Project("{FAE04EC0-301F-11D3-BF4B-00C04F79EFBC}") = "FileConverterUtils2", "FileConverterUtils2\FileConverterUtils2.csproj", "{665D791F-4A42-4EB0-A766-300783379D40}"
EndProject
Project("{FAE04EC0-301F-11D3-BF4B-00C04F79EFBC}") = "LicenseTest", "LicenseTest\LicenseTest.csproj", "{02FD89FC-7CFB-4269-B082-5DE063F0FC37}"
EndProject
Global
	GlobalSection(SolutionConfigurationPlatforms) = preSolution
		Debug|Any CPU = Debug|Any CPU
		Release|Any CPU = Release|Any CPU
	EndGlobalSection
	GlobalSection(ProjectConfigurationPlatforms) = postSolution
		{665D791F-4A42-4EB0-A766-300783379D40}.Debug|Any CPU.ActiveCfg = Debug|Any CPU
		{665D791F-4A42-4EB0-A766-300783379D40}.Debug|Any CPU.Build.0 = Debug|Any CPU
		{665D791F-4A42-4EB0-A766-300783379D40}.Release|Any CPU.ActiveCfg = Release|Any CPU
		{665D791F-4A42-4EB0-A766-300783379D40}.Release|Any CPU.Build.0 = Release|Any CPU
		{02FD89FC-7CFB-4269-B082-5DE063F0FC37}.Debug|Any CPU.ActiveCfg = Debug|Any CPU
		{02FD89FC-7CFB-4269-B082-5DE063F0FC37}.Debug|Any CPU.Build.0 = Debug|Any CPU
		{02FD89FC-7CFB-4269-B082-5DE063F0FC37}.Release|Any CPU.ActiveCfg = Release|Any CPU
		{02FD89FC-7CFB-4269-B082-5DE063F0FC37}.Release|Any CPU.Build.0 = Release|Any CPU
	EndGlobalSection
	GlobalSection(SolutionProperties) = preSolution
		HideSolutionNode = FALSE
	EndGlobalSection
EndGlobal
