
Microsoft Visual Studio Solution File, Format Version 10.00
# Visual Studio 2008
Project("{FAE04EC0-301F-11D3-BF4B-00C04F79EFBC}") = "ProcessRunnerService", "ProcessRunnerService\ProcessRunnerService.csproj", "{290A48D1-F7E2-4478-AFE6-AE5C744CD633}"
EndProject
Global
	GlobalSection(SolutionConfigurationPlatforms) = preSolution
		Debug|Any CPU = Debug|Any CPU
		Release|Any CPU = Release|Any CPU
	EndGlobalSection
	GlobalSection(ProjectConfigurationPlatforms) = postSolution
		{290A48D1-F7E2-4478-AFE6-AE5C744CD633}.Debug|Any CPU.ActiveCfg = Debug|Any CPU
		{290A48D1-F7E2-4478-AFE6-AE5C744CD633}.Debug|Any CPU.Build.0 = Debug|Any CPU
		{290A48D1-F7E2-4478-AFE6-AE5C744CD633}.Release|Any CPU.ActiveCfg = Release|Any CPU
		{290A48D1-F7E2-4478-AFE6-AE5C744CD633}.Release|Any CPU.Build.0 = Release|Any CPU
	EndGlobalSection
	GlobalSection(SolutionProperties) = preSolution
		HideSolutionNode = FALSE
	EndGlobalSection
EndGlobal
