
Microsoft Visual Studio Solution File, Format Version 9.00
# Visual C++ Express 2005
Project("{8BC9CEB8-8B4A-11D0-8D11-00A0C91BC942}") = "boost_system", "Projects\boost_system2005.vcproj", "{3503791E-20B7-41C9-97D9-BAE92596D648}"
EndProject
Project("{8BC9CEB8-8B4A-11D0-8D11-00A0C91BC942}") = "boost_filesystem", "Projects\boost_filesystem2005.vcproj", "{F6A9ED1C-3D23-4246-9366-41373B2E49C6}"
	ProjectSection(ProjectDependencies) = postProject
		{3503791E-20B7-41C9-97D9-BAE92596D648} = {3503791E-20B7-41C9-97D9-BAE92596D648}
	EndProjectSection
EndProject
Project("{8BC9CEB8-8B4A-11D0-8D11-00A0C91BC942}") = "Common", "Projects\Common2005.vcproj", "{399893AA-3617-4CD8-A980-7F15CDAFA3D2}"
	ProjectSection(ProjectDependencies) = postProject
		{C1587C15-6268-4451-9263-937E63A945F6} = {C1587C15-6268-4451-9263-937E63A945F6}
		{7B9F3647-32D3-4F82-8CA5-A43E490E1457} = {7B9F3647-32D3-4F82-8CA5-A43E490E1457}
	EndProjectSection
EndProject
Project("{8BC9CEB8-8B4A-11D0-8D11-00A0C91BC942}") = "XML", "Projects\XML2005.vcproj", "{C1587C15-6268-4451-9263-937E63A945F6}"
	ProjectSection(ProjectDependencies) = postProject
		{3503791E-20B7-41C9-97D9-BAE92596D648} = {3503791E-20B7-41C9-97D9-BAE92596D648}
		{7B9F3647-32D3-4F82-8CA5-A43E490E1457} = {7B9F3647-32D3-4F82-8CA5-A43E490E1457}
	EndProjectSection
EndProject
Project("{8BC9CEB8-8B4A-11D0-8D11-00A0C91BC942}") = "DocxFormat", "Projects\DocxFormat2005.vcproj", "{A100103A-353E-45E8-A9B8-90B87CC5C0B0}"
	ProjectSection(ProjectDependencies) = postProject
		{C1587C15-6268-4451-9263-937E63A945F6} = {C1587C15-6268-4451-9263-937E63A945F6}
		{918D1327-C6ED-43E6-AE22-84A3736F0E87} = {918D1327-C6ED-43E6-AE22-84A3736F0E87}
		{399893AA-3617-4CD8-A980-7F15CDAFA3D2} = {399893AA-3617-4CD8-A980-7F15CDAFA3D2}
	EndProjectSection
EndProject
Project("{8BC9CEB8-8B4A-11D0-8D11-00A0C91BC942}") = "Utility", "Projects\Utility2005.vcproj", "{7B9F3647-32D3-4F82-8CA5-A43E490E1457}"
	ProjectSection(ProjectDependencies) = postProject
		{F6A9ED1C-3D23-4246-9366-41373B2E49C6} = {F6A9ED1C-3D23-4246-9366-41373B2E49C6}
	EndProjectSection
EndProject
Project("{8BC9CEB8-8B4A-11D0-8D11-00A0C91BC942}") = "OfficeSvmFile", "..\..\ASCImageStudio3\ASCGraphics\OfficeSvmFile\OfficeSvmFile2005.vcproj", "{918D1327-C6ED-43E6-AE22-84A3736F0E87}"
	ProjectSection(ProjectDependencies) = postProject
		{F6A9ED1C-3D23-4246-9366-41373B2E49C6} = {F6A9ED1C-3D23-4246-9366-41373B2E49C6}
	EndProjectSection
EndProject
Global
	GlobalSection(SolutionConfigurationPlatforms) = preSolution
		Debug|Win32 = Debug|Win32
		Release|Win32 = Release|Win32
	EndGlobalSection
	GlobalSection(ProjectConfigurationPlatforms) = postSolution
		{3503791E-20B7-41C9-97D9-BAE92596D648}.Debug|Win32.ActiveCfg = Debug|Win32
		{3503791E-20B7-41C9-97D9-BAE92596D648}.Debug|Win32.Build.0 = Debug|Win32
		{3503791E-20B7-41C9-97D9-BAE92596D648}.Release|Win32.ActiveCfg = Release|Win32
		{3503791E-20B7-41C9-97D9-BAE92596D648}.Release|Win32.Build.0 = Release|Win32
		{F6A9ED1C-3D23-4246-9366-41373B2E49C6}.Debug|Win32.ActiveCfg = Debug|Win32
		{F6A9ED1C-3D23-4246-9366-41373B2E49C6}.Debug|Win32.Build.0 = Debug|Win32
		{F6A9ED1C-3D23-4246-9366-41373B2E49C6}.Release|Win32.ActiveCfg = Release|Win32
		{F6A9ED1C-3D23-4246-9366-41373B2E49C6}.Release|Win32.Build.0 = Release|Win32
		{399893AA-3617-4CD8-A980-7F15CDAFA3D2}.Debug|Win32.ActiveCfg = Debug|Win32
		{399893AA-3617-4CD8-A980-7F15CDAFA3D2}.Debug|Win32.Build.0 = Debug|Win32
		{399893AA-3617-4CD8-A980-7F15CDAFA3D2}.Release|Win32.ActiveCfg = Release|Win32
		{399893AA-3617-4CD8-A980-7F15CDAFA3D2}.Release|Win32.Build.0 = Release|Win32
		{C1587C15-6268-4451-9263-937E63A945F6}.Debug|Win32.ActiveCfg = Debug|Win32
		{C1587C15-6268-4451-9263-937E63A945F6}.Debug|Win32.Build.0 = Debug|Win32
		{C1587C15-6268-4451-9263-937E63A945F6}.Release|Win32.ActiveCfg = Release|Win32
		{C1587C15-6268-4451-9263-937E63A945F6}.Release|Win32.Build.0 = Release|Win32
		{A100103A-353E-45E8-A9B8-90B87CC5C0B0}.Debug|Win32.ActiveCfg = Debug|Win32
		{A100103A-353E-45E8-A9B8-90B87CC5C0B0}.Debug|Win32.Build.0 = Debug|Win32
		{A100103A-353E-45E8-A9B8-90B87CC5C0B0}.Release|Win32.ActiveCfg = Release|Win32
		{A100103A-353E-45E8-A9B8-90B87CC5C0B0}.Release|Win32.Build.0 = Release|Win32
		{7B9F3647-32D3-4F82-8CA5-A43E490E1457}.Debug|Win32.ActiveCfg = Debug|Win32
		{7B9F3647-32D3-4F82-8CA5-A43E490E1457}.Debug|Win32.Build.0 = Debug|Win32
		{7B9F3647-32D3-4F82-8CA5-A43E490E1457}.Release|Win32.ActiveCfg = Release|Win32
		{7B9F3647-32D3-4F82-8CA5-A43E490E1457}.Release|Win32.Build.0 = Release|Win32
		{918D1327-C6ED-43E6-AE22-84A3736F0E87}.Debug|Win32.ActiveCfg = Debug|Win32
		{918D1327-C6ED-43E6-AE22-84A3736F0E87}.Debug|Win32.Build.0 = Debug|Win32
		{918D1327-C6ED-43E6-AE22-84A3736F0E87}.Release|Win32.ActiveCfg = Release|Win32
		{918D1327-C6ED-43E6-AE22-84A3736F0E87}.Release|Win32.Build.0 = Release|Win32
	EndGlobalSection
	GlobalSection(SolutionProperties) = preSolution
		HideSolutionNode = FALSE
	EndGlobalSection
EndGlobal
