Microsoft Visual Studio Solution File, Format Version 9.00
# Visual C++ Express 2005
Project("{8BC9CEB8-8B4A-11D0-8D11-00A0C91BC942}") = "ASCOfficePPTXFile", "ASCOfficePPTXFile.vcproj", "{70078FE7-BE4F-493C-84F3-F98F151587F5}"
EndProject
Global
	GlobalSection(SolutionConfigurationPlatforms) = preSolution
		Debug|Win32 = Debug|Win32
		Release|Win32 = Release|Win32
		ReleaseASC|Win32 = ReleaseASC|Win32
		ReleaseOpenSource|Win32 = ReleaseOpenSource|Win32
	EndGlobalSection
	GlobalSection(ProjectConfigurationPlatforms) = postSolution
		{70078FE7-BE4F-493C-84F3-F98F151587F5}.Debug|Win32.ActiveCfg = Debug|Win32
		{70078FE7-BE4F-493C-84F3-F98F151587F5}.Debug|Win32.Build.0 = Debug|Win32
		{70078FE7-BE4F-493C-84F3-F98F151587F5}.Release|Win32.ActiveCfg = Release|Win32
		{70078FE7-BE4F-493C-84F3-F98F151587F5}.Release|Win32.Build.0 = Release|Win32
		{70078FE7-BE4F-493C-84F3-F98F151587F5}.ReleaseASC|Win32.ActiveCfg = ReleaseASC|Win32
		{70078FE7-BE4F-493C-84F3-F98F151587F5}.ReleaseASC|Win32.Build.0 = ReleaseASC|Win32
		{70078FE7-BE4F-493C-84F3-F98F151587F5}.ReleaseOpenSource|Win32.ActiveCfg = ReleaseOpenSource|Win32
		{70078FE7-BE4F-493C-84F3-F98F151587F5}.ReleaseOpenSource|Win32.Build.0 = ReleaseOpenSource|Win32
	EndGlobalSection
	GlobalSection(SolutionProperties) = preSolution
		HideSolutionNode = FALSE
	EndGlobalSection
EndGlobal
